
Microsoft Visual Studio Solution File, Format Version 12.00
# Visual Studio 15
Project("{FAE04EC0-301F-11D3-BF4B-00C04F79EFBC}") = "PhotonUnityNetworking.Demos", "PhotonUnityNetworking.Demos.csproj", "{B7A35655-5244-0D7E-5E06-3FC79DEC24CA}"
EndProject
Project("{FAE04EC0-301F-11D3-BF4B-00C04F79EFBC}") = "PhotonUnityNetworking.Utilities", "PhotonUnityNetworking.Utilities.csproj", "{6640F80D-998F-2271-BCAF-615F8FF39F45}"
EndProject
Project("{FAE04EC0-301F-11D3-BF4B-00C04F79EFBC}") = "PhotonChat", "PhotonChat.csproj", "{C9A12D41-5703-2344-C4B2-EB583FC990BB}"
EndProject
Project("{FAE04EC0-301F-11D3-BF4B-00C04F79EFBC}") = "PhotonUnityNetworking", "PhotonUnityNetworking.csproj", "{36EBE21C-045B-83CB-2D8E-EA3AC5880D02}"
EndProject
Project("{FAE04EC0-301F-11D3-BF4B-00C04F79EFBC}") = "Assembly-CSharp", "Assembly-CSharp.csproj", "{EE4C0F97-145A-4341-C22D-F21E51215775}"
EndProject
Project("{FAE04EC0-301F-11D3-BF4B-00C04F79EFBC}") = "PhotonRealtime", "PhotonRealtime.csproj", "{F156DD54-7D07-E92B-985E-88505669F92E}"
EndProject
Project("{FAE04EC0-301F-11D3-BF4B-00C04F79EFBC}") = "PhotonWebSocket", "PhotonWebSocket.csproj", "{0D43C824-3A40-E3C1-A389-E1A7E4906D2E}"
EndProject
Project("{FAE04EC0-301F-11D3-BF4B-00C04F79EFBC}") = "PhotonUnityNetworking.Editor", "PhotonUnityNetworking.Editor.csproj", "{3F554AFC-225A-7933-A1FA-F6EE7D2C21A3}"
EndProject
Project("{FAE04EC0-301F-11D3-BF4B-00C04F79EFBC}") = "PunDemos.DemoHubEditor", "PunDemos.DemoHubEditor.csproj", "{DB61C93F-7F25-2F65-8612-9FFE0D2EA07B}"
EndProject
Project("{FAE04EC0-301F-11D3-BF4B-00C04F79EFBC}") = "PhotonUnityNetworking.Utilities.PhotonPlayer.Editor", "PhotonUnityNetworking.Utilities.PhotonPlayer.Editor.csproj", "{2052DD14-0B8A-7EDB-61A3-080097D45C86}"
EndProject
Project("{FAE04EC0-301F-11D3-BF4B-00C04F79EFBC}") = "PhotonUnityNetworking.Utilities.Culling.Editor", "PhotonUnityNetworking.Utilities.Culling.Editor.csproj", "{58610CFD-2235-DC77-1665-B0C0DE6964DB}"
EndProject
Project("{FAE04EC0-301F-11D3-BF4B-00C04F79EFBC}") = "PunDemos.DemoSlotcarEditor", "PunDemos.DemoSlotcarEditor.csproj", "{693ECC15-7A18-25B6-6D07-3BE85384CA6A}"
EndProject
Global
	GlobalSection(SolutionConfigurationPlatforms) = preSolution
		Debug|Any CPU = Debug|Any CPU
		Release|Any CPU = Release|Any CPU
	EndGlobalSection
	GlobalSection(ProjectConfigurationPlatforms) = postSolution
		{B7A35655-5244-0D7E-5E06-3FC79DEC24CA}.Debug|Any CPU.ActiveCfg = Debug|Any CPU
		{B7A35655-5244-0D7E-5E06-3FC79DEC24CA}.Debug|Any CPU.Build.0 = Debug|Any CPU
		{B7A35655-5244-0D7E-5E06-3FC79DEC24CA}.Release|Any CPU.ActiveCfg = Release|Any CPU
		{B7A35655-5244-0D7E-5E06-3FC79DEC24CA}.Release|Any CPU.Build.0 = Release|Any CPU
		{6640F80D-998F-2271-BCAF-615F8FF39F45}.Debug|Any CPU.ActiveCfg = Debug|Any CPU
		{6640F80D-998F-2271-BCAF-615F8FF39F45}.Debug|Any CPU.Build.0 = Debug|Any CPU
		{6640F80D-998F-2271-BCAF-615F8FF39F45}.Release|Any CPU.ActiveCfg = Release|Any CPU
		{6640F80D-998F-2271-BCAF-615F8FF39F45}.Release|Any CPU.Build.0 = Release|Any CPU
		{C9A12D41-5703-2344-C4B2-EB583FC990BB}.Debug|Any CPU.ActiveCfg = Debug|Any CPU
		{C9A12D41-5703-2344-C4B2-EB583FC990BB}.Debug|Any CPU.Build.0 = Debug|Any CPU
		{C9A12D41-5703-2344-C4B2-EB583FC990BB}.Release|Any CPU.ActiveCfg = Release|Any CPU
		{C9A12D41-5703-2344-C4B2-EB583FC990BB}.Release|Any CPU.Build.0 = Release|Any CPU
		{36EBE21C-045B-83CB-2D8E-EA3AC5880D02}.Debug|Any CPU.ActiveCfg = Debug|Any CPU
		{36EBE21C-045B-83CB-2D8E-EA3AC5880D02}.Debug|Any CPU.Build.0 = Debug|Any CPU
		{36EBE21C-045B-83CB-2D8E-EA3AC5880D02}.Release|Any CPU.ActiveCfg = Release|Any CPU
		{36EBE21C-045B-83CB-2D8E-EA3AC5880D02}.Release|Any CPU.Build.0 = Release|Any CPU
		{EE4C0F97-145A-4341-C22D-F21E51215775}.Debug|Any CPU.ActiveCfg = Debug|Any CPU
		{EE4C0F97-145A-4341-C22D-F21E51215775}.Debug|Any CPU.Build.0 = Debug|Any CPU
		{EE4C0F97-145A-4341-C22D-F21E51215775}.Release|Any CPU.ActiveCfg = Release|Any CPU
		{EE4C0F97-145A-4341-C22D-F21E51215775}.Release|Any CPU.Build.0 = Release|Any CPU
		{F156DD54-7D07-E92B-985E-88505669F92E}.Debug|Any CPU.ActiveCfg = Debug|Any CPU
		{F156DD54-7D07-E92B-985E-88505669F92E}.Debug|Any CPU.Build.0 = Debug|Any CPU
		{F156DD54-7D07-E92B-985E-88505669F92E}.Release|Any CPU.ActiveCfg = Release|Any CPU
		{F156DD54-7D07-E92B-985E-88505669F92E}.Release|Any CPU.Build.0 = Release|Any CPU
		{0D43C824-3A40-E3C1-A389-E1A7E4906D2E}.Debug|Any CPU.ActiveCfg = Debug|Any CPU
		{0D43C824-3A40-E3C1-A389-E1A7E4906D2E}.Debug|Any CPU.Build.0 = Debug|Any CPU
		{0D43C824-3A40-E3C1-A389-E1A7E4906D2E}.Release|Any CPU.ActiveCfg = Release|Any CPU
		{0D43C824-3A40-E3C1-A389-E1A7E4906D2E}.Release|Any CPU.Build.0 = Release|Any CPU
		{3F554AFC-225A-7933-A1FA-F6EE7D2C21A3}.Debug|Any CPU.ActiveCfg = Debug|Any CPU
		{3F554AFC-225A-7933-A1FA-F6EE7D2C21A3}.Debug|Any CPU.Build.0 = Debug|Any CPU
		{3F554AFC-225A-7933-A1FA-F6EE7D2C21A3}.Release|Any CPU.ActiveCfg = Release|Any CPU
		{3F554AFC-225A-7933-A1FA-F6EE7D2C21A3}.Release|Any CPU.Build.0 = Release|Any CPU
		{DB61C93F-7F25-2F65-8612-9FFE0D2EA07B}.Debug|Any CPU.ActiveCfg = Debug|Any CPU
		{DB61C93F-7F25-2F65-8612-9FFE0D2EA07B}.Debug|Any CPU.Build.0 = Debug|Any CPU
		{DB61C93F-7F25-2F65-8612-9FFE0D2EA07B}.Release|Any CPU.ActiveCfg = Release|Any CPU
		{DB61C93F-7F25-2F65-8612-9FFE0D2EA07B}.Release|Any CPU.Build.0 = Release|Any CPU
		{2052DD14-0B8A-7EDB-61A3-080097D45C86}.Debug|Any CPU.ActiveCfg = Debug|Any CPU
		{2052DD14-0B8A-7EDB-61A3-080097D45C86}.Debug|Any CPU.Build.0 = Debug|Any CPU
		{2052DD14-0B8A-7EDB-61A3-080097D45C86}.Release|Any CPU.ActiveCfg = Release|Any CPU
		{2052DD14-0B8A-7EDB-61A3-080097D45C86}.Release|Any CPU.Build.0 = Release|Any CPU
		{58610CFD-2235-DC77-1665-B0C0DE6964DB}.Debug|Any CPU.ActiveCfg = Debug|Any CPU
		{58610CFD-2235-DC77-1665-B0C0DE6964DB}.Debug|Any CPU.Build.0 = Debug|Any CPU
		{58610CFD-2235-DC77-1665-B0C0DE6964DB}.Release|Any CPU.ActiveCfg = Release|Any CPU
		{58610CFD-2235-DC77-1665-B0C0DE6964DB}.Release|Any CPU.Build.0 = Release|Any CPU
		{693ECC15-7A18-25B6-6D07-3BE85384CA6A}.Debug|Any CPU.ActiveCfg = Debug|Any CPU
		{693ECC15-7A18-25B6-6D07-3BE85384CA6A}.Debug|Any CPU.Build.0 = Debug|Any CPU
		{693ECC15-7A18-25B6-6D07-3BE85384CA6A}.Release|Any CPU.ActiveCfg = Release|Any CPU
		{693ECC15-7A18-25B6-6D07-3BE85384CA6A}.Release|Any CPU.Build.0 = Release|Any CPU
	EndGlobalSection
	GlobalSection(SolutionProperties) = preSolution
		HideSolutionNode = FALSE
	EndGlobalSection
EndGlobal
